
Microsoft Visual Studio Solution File, Format Version 12.00
# Visual Studio 15
VisualStudioVersion = 15.0.28307.1062
MinimumVisualStudioVersion = 10.0.40219.1
Project("{FAE04EC0-301F-11D3-BF4B-00C04F79EFBC}") = "ApplicationWinforms", "ProjetPFA\ApplicationWinforms.csproj", "{9DD22F7E-26CA-4B1F-BDDF-6A69BB9FCD2A}"
EndProject
Project("{FAE04EC0-301F-11D3-BF4B-00C04F79EFBC}") = "BEL", "BEL\BEL.csproj", "{867B4876-D420-4535-9A14-404422CC065D}"
EndProject
Project("{FAE04EC0-301F-11D3-BF4B-00C04F79EFBC}") = "DAL", "DEL\DAL.csproj", "{1BABACEF-23F1-4069-830F-42E1C549EEE9}"
EndProject
Global
	GlobalSection(SolutionConfigurationPlatforms) = preSolution
		Debug|Any CPU = Debug|Any CPU
		Release|Any CPU = Release|Any CPU
	EndGlobalSection
	GlobalSection(ProjectConfigurationPlatforms) = postSolution
		{9DD22F7E-26CA-4B1F-BDDF-6A69BB9FCD2A}.Debug|Any CPU.ActiveCfg = Debug|Any CPU
		{9DD22F7E-26CA-4B1F-BDDF-6A69BB9FCD2A}.Debug|Any CPU.Build.0 = Debug|Any CPU
		{9DD22F7E-26CA-4B1F-BDDF-6A69BB9FCD2A}.Release|Any CPU.ActiveCfg = Release|Any CPU
		{9DD22F7E-26CA-4B1F-BDDF-6A69BB9FCD2A}.Release|Any CPU.Build.0 = Release|Any CPU
		{867B4876-D420-4535-9A14-404422CC065D}.Debug|Any CPU.ActiveCfg = Debug|Any CPU
		{867B4876-D420-4535-9A14-404422CC065D}.Debug|Any CPU.Build.0 = Debug|Any CPU
		{867B4876-D420-4535-9A14-404422CC065D}.Release|Any CPU.ActiveCfg = Release|Any CPU
		{867B4876-D420-4535-9A14-404422CC065D}.Release|Any CPU.Build.0 = Release|Any CPU
		{1BABACEF-23F1-4069-830F-42E1C549EEE9}.Debug|Any CPU.ActiveCfg = Debug|Any CPU
		{1BABACEF-23F1-4069-830F-42E1C549EEE9}.Debug|Any CPU.Build.0 = Debug|Any CPU
		{1BABACEF-23F1-4069-830F-42E1C549EEE9}.Release|Any CPU.ActiveCfg = Release|Any CPU
		{1BABACEF-23F1-4069-830F-42E1C549EEE9}.Release|Any CPU.Build.0 = Release|Any CPU
	EndGlobalSection
	GlobalSection(SolutionProperties) = preSolution
		HideSolutionNode = FALSE
	EndGlobalSection
	GlobalSection(ExtensibilityGlobals) = postSolution
		SolutionGuid = {5A5ECE31-B91E-48CD-98A6-6965A0F5AC8F}
	EndGlobalSection
EndGlobal
